
Microsoft Visual Studio Solution File, Format Version 12.00
# Visual Studio Version 17
VisualStudioVersion = 17.0.32112.339
MinimumVisualStudioVersion = 10.0.40219.1
Project("{8BC9CEB8-8B4A-11D0-8D11-00A0C91BC942}") = "Snake", "Snake\Snake.vcxproj", "{BA5ECB86-ED65-4D47-A73B-3A63490F8095}"
EndProject
Global
	GlobalSection(SolutionConfigurationPlatforms) = preSolution
		Debug|x64 = Debug|x64
		Debug|x86 = Debug|x86
		Release|x64 = Release|x64
		Release|x86 = Release|x86
	EndGlobalSection
	GlobalSection(ProjectConfigurationPlatforms) = postSolution
		{BA5ECB86-ED65-4D47-A73B-3A63490F8095}.Debug|x64.ActiveCfg = Debug|x64
		{BA5ECB86-ED65-4D47-A73B-3A63490F8095}.Debug|x64.Build.0 = Debug|x64
		{BA5ECB86-ED65-4D47-A73B-3A63490F8095}.Debug|x86.ActiveCfg = Debug|Win32
		{BA5ECB86-ED65-4D47-A73B-3A63490F8095}.Debug|x86.Build.0 = Debug|Win32
		{BA5ECB86-ED65-4D47-A73B-3A63490F8095}.Release|x64.ActiveCfg = Release|x64
		{BA5ECB86-ED65-4D47-A73B-3A63490F8095}.Release|x64.Build.0 = Release|x64
		{BA5ECB86-ED65-4D47-A73B-3A63490F8095}.Release|x86.ActiveCfg = Release|Win32
		{BA5ECB86-ED65-4D47-A73B-3A63490F8095}.Release|x86.Build.0 = Release|Win32
	EndGlobalSection
	GlobalSection(SolutionProperties) = preSolution
		HideSolutionNode = FALSE
	EndGlobalSection
	GlobalSection(ExtensibilityGlobals) = postSolution
		SolutionGuid = {5819EF8B-0ECF-455E-80D9-1B56FAD8199A}
	EndGlobalSection
EndGlobal
